
Microsoft Visual Studio Solution File, Format Version 12.00
# Visual Studio 15
VisualStudioVersion = 15.0.28306.52
MinimumVisualStudioVersion = 10.0.40219.1
Project("{FAE04EC0-301F-11D3-BF4B-00C04F79EFBC}") = "PortalDuplicator", "PortalDuplicator\PortalDuplicator.csproj", "{7909C415-85CE-4F18-AF8D-39F683719508}"
EndProject
Global
	GlobalSection(SolutionConfigurationPlatforms) = preSolution
		Debug|Any CPU = Debug|Any CPU
		Release|Any CPU = Release|Any CPU
	EndGlobalSection
	GlobalSection(ProjectConfigurationPlatforms) = postSolution
		{7909C415-85CE-4F18-AF8D-39F683719508}.Debug|Any CPU.ActiveCfg = Debug|Any CPU
		{7909C415-85CE-4F18-AF8D-39F683719508}.Debug|Any CPU.Build.0 = Debug|Any CPU
		{7909C415-85CE-4F18-AF8D-39F683719508}.Release|Any CPU.ActiveCfg = Release|Any CPU
		{7909C415-85CE-4F18-AF8D-39F683719508}.Release|Any CPU.Build.0 = Release|Any CPU
	EndGlobalSection
	GlobalSection(SolutionProperties) = preSolution
		HideSolutionNode = FALSE
	EndGlobalSection
	GlobalSection(ExtensibilityGlobals) = postSolution
		SolutionGuid = {08D4E883-EC16-4C8A-BA7F-9C6923BBE9FA}
	EndGlobalSection
EndGlobal
